// !$*UTF8*$!
{
	archiveVersion = 1;
	classes = {
	};
	objectVersion = 46;
	objects = {

/* Begin PBXBuildFile section */
		80E108F31B0988CB004B2005 /* main.m in Sources */ = {isa = PBXBuildFile; fileRef = 80E108F21B0988CB004B2005 /* main.m */; };
		80E108F61B0988CB004B2005 /* AppDelegate.m in Sources */ = {isa = PBXBuildFile; fileRef = 80E108F51B0988CB004B2005 /* AppDelegate.m */; };
		80E108F91B0988CB004B2005 /* ViewController.m in Sources */ = {isa = PBXBuildFile; fileRef = 80E108F81B0988CB004B2005 /* ViewController.m */; };
		80E108FC1B0988CB004B2005 /* Main.storyboard in Resources */ = {isa = PBXBuildFile; fileRef = 80E108FA1B0988CB004B2005 /* Main.storyboard */; };
		80E108FE1B0988CB004B2005 /* Images.xcassets in Resources */ = {isa = PBXBuildFile; fileRef = 80E108FD1B0988CB004B2005 /* Images.xcassets */; };
		80E109011B0988CB004B2005 /* LaunchScreen.xib in Resources */ = {isa = PBXBuildFile; fileRef = 80E108FF1B0988CB004B2005 /* LaunchScreen.xib */; };
		80E1090D1B0988CB004B2005 /* L03Tests.m in Sources */ = {isa = PBXBuildFile; fileRef = 80E1090C1B0988CB004B2005 /* L03Tests.m */; };
/* End PBXBuildFile section */

/* Begin PBXContainerItemProxy section */
		80E109071B0988CB004B2005 /* PBXContainerItemProxy */ = {
			isa = PBXContainerItemProxy;
			containerPortal = 80E108E51B0988CB004B2005 /* Project object */;
			proxyType = 1;
			remoteGlobalIDString = 80E108EC1B0988CB004B2005;
			remoteInfo = L03;
		};
/* End PBXContainerItemProxy section */

/* Begin PBXFileReference section */
		80E108ED1B0988CB004B2005 /* L03.app */ = {isa = PBXFileReference; explicitFileType = wrapper.application; includeInIndex = 0; path = L03.app; sourceTree = BUILT_PRODUCTS_DIR; };
		80E108F11B0988CB004B2005 /* Info.plist */ = {isa = PBXFileReference; lastKnownFileType = text.plist.xml; path = Info.plist; sourceTree = "<group>"; };
		80E108F21B0988CB004B2005 /* main.m */ = {isa = PBXFileReference; lastKnownFileType = sourcecode.c.objc; path = main.m; sourceTree = "<group>"; };
		80E108F41B0988CB004B2005 /* AppDelegate.h */ = {isa = PBXFileReference; lastKnownFileType = sourcecode.c.h; path = AppDelegate.h; sourceTree = "<group>"; };
		80E108F51B0988CB004B2005 /* AppDelegate.m */ = {isa = PBXFileReference; lastKnownFileType = sourcecode.c.objc; path = AppDelegate.m; sourceTree = "<group>"; };
		80E108F71B0988CB004B2005 /* ViewController.h */ = {isa = PBXFileReference; lastKnownFileType = sourcecode.c.h; path = ViewController.h; sourceTree = "<group>"; };
		80E108F81B0988CB004B2005 /* ViewController.m */ = {isa = PBXFileReference; lastKnownFileType = sourcecode.c.objc; path = ViewController.m; sourceTree = "<group>"; };
		80E108FB1B0988CB004B2005 /* Base */ = {isa = PBXFileReference; lastKnownFileType = file.storyboard; name = Base; path = Base.lproj/Main.storyboard; sourceTree = "<group>"; };
		80E108FD1B0988CB004B2005 /* Images.xcassets */ = {isa = PBXFileReference; lastKnownFileType = folder.assetcatalog; path = Images.xcassets; sourceTree = "<group>"; };
		80E109001B0988CB004B2005 /* Base */ = {isa = PBXFileReference; lastKnownFileType = file.xib; name = Base; path = Base.lproj/LaunchScreen.xib; sourceTree = "<group>"; };
		80E109061B0988CB004B2005 /* L03Tests.xctest */ = {isa = PBXFileReference; explicitFileType = wrapper.cfbundle; includeInIndex = 0; path = L03Tests.xctest; sourceTree = BUILT_PRODUCTS_DIR; };
		80E1090B1B0988CB004B2005 /* Info.plist */ = {isa = PBXFileReference; lastKnownFileType = text.plist.xml; path = Info.plist; sourceTree = "<group>"; };
		80E1090C1B0988CB004B2005 /* L03Tests.m */ = {isa = PBXFileReference; lastKnownFileType = sourcecode.c.objc; path = L03Tests.m; sourceTree = "<group>"; };
/* End PBXFileReference section */

/* Begin PBXFrameworksBuildPhase section */
		80E108EA1B0988CB004B2005 /* Frameworks */ = {
			isa = PBXFrameworksBuildPhase;
			buildActionMask = 2147483647;
			files = (
			);
			runOnlyForDeploymentPostprocessing = 0;
		};
		80E109031B0988CB004B2005 /* Frameworks */ = {
			isa = PBXFrameworksBuildPhase;
			buildActionMask = 2147483647;
			files = (
			);
			runOnlyForDeploymentPostprocessing = 0;
		};
/* End PBXFrameworksBuildPhase section */

/* Begin PBXGroup section */
		80E108E41B0988CB004B2005 = {
			isa = PBXGroup;
			children = (
				80E108EF1B0988CB004B2005 /* L03 */,
				80E109091B0988CB004B2005 /* L03Tests */,
				80E108EE1B0988CB004B2005 /* Products */,
			);
			sourceTree = "<group>";
		};
		80E108EE1B0988CB004B2005 /* Products */ = {
			isa = PBXGroup;
			children = (
				80E108ED1B0988CB004B2005 /* L03.app */,
				80E109061B0988CB004B2005 /* L03Tests.xctest */,
			);
			name = Products;
			sourceTree = "<group>";
		};
		80E108EF1B0988CB004B2005 /* L03 */ = {
			isa = PBXGroup;
			children = (
				80E108F41B0988CB004B2005 /* AppDelegate.h */,
				80E108F51B0988CB004B2005 /* AppDelegate.m */,
				80E108F71B0988CB004B2005 /* ViewController.h */,
				80E108F81B0988CB004B2005 /* ViewController.m */,
				80E108FA1B0988CB004B2005 /* Main.storyboard */,
				80E108FD1B0988CB004B2005 /* Images.xcassets */,
				80E108FF1B0988CB004B2005 /* LaunchScreen.xib */,
				80E108F01B0988CB004B2005 /* Supporting Files */,
			);
			path = L03;
			sourceTree = "<group>";
		};
		80E108F01B0988CB004B2005 /* Supporting Files */ = {
			isa = PBXGroup;
			children = (
				80E108F11B0988CB004B2005 /* Info.plist */,
				80E108F21B0988CB004B2005 /* main.m */,
			);
			name = "Supporting Files";
			sourceTree = "<group>";
		};
		80E109091B0988CB004B2005 /* L03Tests */ = {
			isa = PBXGroup;
			children = (
				80E1090C1B0988CB004B2005 /* L03Tests.m */,
				80E1090A1B0988CB004B2005 /* Supporting Files */,
			);
			path = L03Tests;
			sourceTree = "<group>";
		};
		80E1090A1B0988CB004B2005 /* Supporting Files */ = {
			isa = PBXGroup;
			children = (
				80E1090B1B0988CB004B2005 /* Info.plist */,
			);
			name = "Supporting Files";
			sourceTree = "<group>";
		};
/* End PBXGroup section */

/* Begin PBXNativeTarget section */
		80E108EC1B0988CB004B2005 /* L03 */ = {
			isa = PBXNativeTarget;
			buildConfigurationList = 80E109101B0988CB004B2005 /* Build configuration list for PBXNativeTarget "L03" */;
			buildPhases = (
				80E108E91B0988CB004B2005 /* Sources */,
				80E108EA1B0988CB004B2005 /* Frameworks */,
				80E108EB1B0988CB004B2005 /* Resources */,
			);
			buildRules = (
			);
			dependencies = (
			);
			name = L03;
			productName = L03;
			productReference = 80E108ED1B0988CB004B2005 /* L03.app */;
			productType = "com.apple.product-type.application";
		};
		80E109051B0988CB004B2005 /* L03Tests */ = {
			isa = PBXNativeTarget;
			buildConfigurationList = 80E109131B0988CB004B2005 /* Build configuration list for PBXNativeTarget "L03Tests" */;
			buildPhases = (
				80E109021B0988CB004B2005 /* Sources */,
				80E109031B0988CB004B2005 /* Frameworks */,
				80E109041B0988CB004B2005 /* Resources */,
			);
			buildRules = (
			);
			dependencies = (
				80E109081B0988CB004B2005 /* PBXTargetDependency */,
			);
			name = L03Tests;
			productName = L03Tests;
			productReference = 80E109061B0988CB004B2005 /* L03Tests.xctest */;
			productType = "com.apple.product-type.bundle.unit-test";
		};
/* End PBXNativeTarget section */

/* Begin PBXProject section */
		80E108E51B0988CB004B2005 /* Project object */ = {
			isa = PBXProject;
			attributes = {
				LastUpgradeCheck = 0630;
				ORGANIZATIONNAME = "Jianlei Hou";
				TargetAttributes = {
					80E108EC1B0988CB004B2005 = {
						CreatedOnToolsVersion = 6.3.1;
					};
					80E109051B0988CB004B2005 = {
						CreatedOnToolsVersion = 6.3.1;
						TestTargetID = 80E108EC1B0988CB004B2005;
					};
				};
			};
			buildConfigurationList = 80E108E81B0988CB004B2005 /* Build configuration list for PBXProject "L03" */;
			compatibilityVersion = "Xcode 3.2";
			developmentRegion = English;
			hasScannedForEncodings = 0;
			knownRegions = (
				en,
				Base,
			);
			mainGroup = 80E108E41B0988CB004B2005;
			productRefGroup = 80E108EE1B0988CB004B2005 /* Products */;
			projectDirPath = "";
			projectRoot = "";
			targets = (
				80E108EC1B0988CB004B2005 /* L03 */,
				80E109051B0988CB004B2005 /* L03Tests */,
			);
		};
/* End PBXProject section */

/* Begin PBXResourcesBuildPhase section */
		80E108EB1B0988CB004B2005 /* Resources */ = {
			isa = PBXResourcesBuildPhase;
			buildActionMask = 2147483647;
			files = (
				80E108FC1B0988CB004B2005 /* Main.storyboard in Resources */,
				80E109011B0988CB004B2005 /* LaunchScreen.xib in Resources */,
				80E108FE1B0988CB004B2005 /* Images.xcassets in Resources */,
			);
			runOnlyForDeploymentPostprocessing = 0;
		};
		80E109041B0988CB004B2005 /* Resources */ = {
			isa = PBXResourcesBuildPhase;
			buildActionMask = 2147483647;
			files = (
			);
			runOnlyForDeploymentPostprocessing = 0;
		};
/* End PBXResourcesBuildPhase section */

/* Begin PBXSourcesBuildPhase section */
		80E108E91B0988CB004B2005 /* Sources */ = {
			isa = PBXSourcesBuildPhase;
			buildActionMask = 2147483647;
			files = (
				80E108F91B0988CB004B2005 /* ViewController.m in Sources */,
				80E108F61B0988CB004B2005 /* AppDelegate.m in Sources */,
				80E108F31B0988CB004B2005 /* main.m in Sources */,
			);
			runOnlyForDeploymentPostprocessing = 0;
		};
		80E109021B0988CB004B2005 /* Sources */ = {
			isa = PBXSourcesBuildPhase;
			buildActionMask = 2147483647;
			files = (
				80E1090D1B0988CB004B2005 /* L03Tests.m in Sources */,
			);
			runOnlyForDeploymentPostprocessing = 0;
		};
/* End PBXSourcesBuildPhase section */

/* Begin PBXTargetDependency section */
		80E109081B0988CB004B2005 /* PBXTargetDependency */ = {
			isa = PBXTargetDependency;
			target = 80E108EC1B0988CB004B2005 /* L03 */;
			targetProxy = 80E109071B0988CB004B2005 /* PBXContainerItemProxy */;
		};
/* End PBXTargetDependency section */

/* Begin PBXVariantGroup section */
		80E108FA1B0988CB004B2005 /* Main.storyboard */ = {
			isa = PBXVariantGroup;
			children = (
				80E108FB1B0988CB004B2005 /* Base */,
			);
			name = Main.storyboard;
			sourceTree = "<group>";
		};
		80E108FF1B0988CB004B2005 /* LaunchScreen.xib */ = {
			isa = PBXVariantGroup;
			children = (
				80E109001B0988CB004B2005 /* Base */,
			);
			name = LaunchScreen.xib;
			sourceTree = "<group>";
		};
/* End PBXVariantGroup section */

/* Begin XCBuildConfiguration section */
		80E1090E1B0988CB004B2005 /* Debug */ = {
			isa = XCBuildConfiguration;
			buildSettings = {
				ALWAYS_SEARCH_USER_PATHS = NO;
				CLANG_CXX_LANGUAGE_STANDARD = "gnu++0x";
				CLANG_CXX_LIBRARY = "libc++";
				CLANG_ENABLE_MODULES = YES;
				CLANG_ENABLE_OBJC_ARC = YES;
				CLANG_WARN_BOOL_CONVERSION = YES;
				CLANG_WARN_CONSTANT_CONVERSION = YES;
				CLANG_WARN_DIRECT_OBJC_ISA_USAGE = YES_ERROR;
				CLANG_WARN_EMPTY_BODY = YES;
				CLANG_WARN_ENUM_CONVERSION = YES;
				CLANG_WARN_INT_CONVERSION = YES;
				CLANG_WARN_OBJC_ROOT_CLASS = YES_ERROR;
				CLANG_WARN_UNREACHABLE_CODE = YES;
				CLANG_WARN__DUPLICATE_METHOD_MATCH = YES;
				"CODE_SIGN_IDENTITY[sdk=iphoneos*]" = "iPhone Developer";
				COPY_PHASE_STRIP = NO;
				DEBUG_INFORMATION_FORMAT = "dwarf-with-dsym";
				ENABLE_STRICT_OBJC_MSGSEND = YES;
				GCC_C_LANGUAGE_STANDARD = gnu99;
				GCC_DYNAMIC_NO_PIC = NO;
				GCC_NO_COMMON_BLOCKS = YES;
				GCC_OPTIMIZATION_LEVEL = 0;
				GCC_PREPROCESSOR_DEFINITIONS = (
					"DEBUG=1",
					"$(inherited)",
				);
				GCC_SYMBOLS_PRIVATE_EXTERN = NO;
				GCC_WARN_64_TO_32_BIT_CONVERSION = YES;
				GCC_WARN_ABOUT_RETURN_TYPE = YES_ERROR;
				GCC_WARN_UNDECLARED_SELECTOR = YES;
				GCC_WARN_UNINITIALIZED_AUTOS = YES_AGGRESSIVE;
				GCC_WARN_UNUSED_FUNCTION = YES;
				GCC_WARN_UNUSED_VARIABLE = YES;
				IPHONEOS_DEPLOYMENT_TARGET = 8.3;
				MTL_ENABLE_DEBUG_INFO = YES;
				ONLY_ACTIVE_ARCH = YES;
				SDKROOT = iphoneos;
			};
			name = Debug;
		};
		80E1090F1B0988CB004B2005 /* Release */ = {
			isa = XCBuildConfiguration;
			buildSettings = {
				ALWAYS_SEARCH_USER_PATHS = NO;
				CLANG_CXX_LANGUAGE_STANDARD = "gnu++0x";
				CLANG_CXX_LIBRARY = "libc++";
				CLANG_ENABLE_MODULES = YES;
				CLANG_ENABLE_OBJC_ARC = YES;
				CLANG_WARN_BOOL_CONVERSION = YES;
				CLANG_WARN_CONSTANT_CONVERSION = YES;
				CLANG_WARN_DIRECT_OBJC_ISA_USAGE = YES_ERROR;
				CLANG_WARN_EMPTY_BODY = YES;
				CLANG_WARN_ENUM_CONVERSION = YES;
				CLANG_WARN_INT_CONVERSION = YES;
				CLANG_WARN_OBJC_ROOT_CLASS = YES_ERROR;
				CLANG_WARN_UNREACHABLE_CODE = YES;
				CLANG_WARN__DUPLICATE_METHOD_MATCH = YES;
				"CODE_SIGN_IDENTITY[sdk=iphoneos*]" = "iPhone Developer";
				COPY_PHASE_STRIP = NO;
				DEBUG_INFORMATION_FORMAT = "dwarf-with-dsym";
				ENABLE_NS_ASSERTIONS = NO;
				ENABLE_STRICT_OBJC_MSGSEND = YES;
				GCC_C_LANGUAGE_STANDARD = gnu99;
				GCC_NO_COMMON_BLOCKS = YES;
				GCC_WARN_64_TO_32_BIT_CONVERSION = YES;
				GCC_WARN_ABOUT_RETURN_TYPE = YES_ERROR;
				GCC_WARN_UNDECLARED_SELECTOR = YES;
				GCC_WARN_UNINITIALIZED_AUTOS = YES_AGGRESSIVE;
				GCC_WARN_UNUSED_FUNCTION = YES;
				GCC_WARN_UNUSED_VARIABLE = YES;
				IPHONEOS_DEPLOYMENT_TARGET = 8.3;
				MTL_ENABLE_DEBUG_INFO = NO;
				SDKROOT = iphoneos;
				VALIDATE_PRODUCT = YES;
			};
			name = Release;
		};
		80E109111B0988CB004B2005 /* Debug */ = {
			isa = XCBuildConfiguration;
			buildSettings = {
				ASSETCATALOG_COMPILER_APPICON_NAME = AppIcon;
				INFOPLIST_FILE = L03/Info.plist;
				LD_RUNPATH_SEARCH_PATHS = "$(inherited) @executable_path/Frameworks";
				PRODUCT_NAME = "$(TARGET_NAME)";
			};
			name = Debug;
		};
		80E109121B0988CB004B2005 /* Release */ = {
			isa = XCBuildConfiguration;
			buildSettings = {
				ASSETCATALOG_COMPILER_APPICON_NAME = AppIcon;
				INFOPLIST_FILE = L03/Info.plist;
				LD_RUNPATH_SEARCH_PATHS = "$(inherited) @executable_path/Frameworks";
				PRODUCT_NAME = "$(TARGET_NAME)";
			};
			name = Release;
		};
		80E109141B0988CB004B2005 /* Debug */ = {
			isa = XCBuildConfiguration;
			buildSettings = {
				BUNDLE_LOADER = "$(TEST_HOST)";
				FRAMEWORK_SEARCH_PATHS = (
					"$(SDKROOT)/Developer/Library/Frameworks",
					"$(inherited)",
				);
				GCC_PREPROCESSOR_DEFINITIONS = (
					"DEBUG=1",
					"$(inherited)",
				);
				INFOPLIST_FILE = L03Tests/Info.plist;
				LD_RUNPATH_SEARCH_PATHS = "$(inherited) @executable_path/Frameworks @loader_path/Frameworks";
				PRODUCT_NAME = "$(TARGET_NAME)";
				TEST_HOST = "$(BUILT_PRODUCTS_DIR)/L03.app/L03";
			};
			name = Debug;
		};
		80E109151B0988CB004B2005 /* Release */ = {
			isa = XCBuildConfiguration;
			buildSettings = {
				BUNDLE_LOADER = "$(TEST_HOST)";
				FRAMEWORK_SEARCH_PATHS = (
					"$(SDKROOT)/Developer/Library/Frameworks",
					"$(inherited)",
				);
				INFOPLIST_FILE = L03Tests/Info.plist;
				LD_RUNPATH_SEARCH_PATHS = "$(inherited) @executable_path/Frameworks @loader_path/Frameworks";
				PRODUCT_NAME = "$(TARGET_NAME)";
				TEST_HOST = "$(BUILT_PRODUCTS_DIR)/L03.app/L03";
			};
			name = Release;
		};
/* End XCBuildConfiguration section */

/* Begin XCConfigurationList section */
		80E108E81B0988CB004B2005 /* Build configuration list for PBXProject "L03" */ = {
			isa = XCConfigurationList;
			buildConfigurations = (
				80E1090E1B0988CB004B2005 /* Debug */,
				80E1090F1B0988CB004B2005 /* Release */,
			);
			defaultConfigurationIsVisible = 0;
			defaultConfigurationName = Release;
		};
		80E109101B0988CB004B2005 /* Build configuration list for PBXNativeTarget "L03" */ = {
			isa = XCConfigurationList;
			buildConfigurations = (
				80E109111B0988CB004B2005 /* Debug */,
				80E109121B0988CB004B2005 /* Release */,
			);
			defaultConfigurationIsVisible = 0;
		};
		80E109131B0988CB004B2005 /* Build configuration list for PBXNativeTarget "L03Tests" */ = {
			isa = XCConfigurationList;
			buildConfigurations = (
				80E109141B0988CB004B2005 /* Debug */,
				80E109151B0988CB004B2005 /* Release */,
			);
			defaultConfigurationIsVisible = 0;
		};
/* End XCConfigurationList section */
	};
	rootObject = 80E108E51B0988CB004B2005 /* Project object */;
}
