// !$*UTF8*$!
{
	archiveVersion = 1;
	classes = {
	};
	objectVersion = 46;
	objects = {

/* Begin PBXBuildFile section */
		8010999F1B085E2A009FA4C4 /* main.m in Sources */ = {isa = PBXBuildFile; fileRef = 8010999E1B085E2A009FA4C4 /* main.m */; };
		801099A21B085E2A009FA4C4 /* AppDelegate.m in Sources */ = {isa = PBXBuildFile; fileRef = 801099A11B085E2A009FA4C4 /* AppDelegate.m */; };
		801099A51B085E2A009FA4C4 /* ViewController.m in Sources */ = {isa = PBXBuildFile; fileRef = 801099A41B085E2A009FA4C4 /* ViewController.m */; };
		801099A81B085E2A009FA4C4 /* Main.storyboard in Resources */ = {isa = PBXBuildFile; fileRef = 801099A61B085E2A009FA4C4 /* Main.storyboard */; };
		801099AA1B085E2A009FA4C4 /* Images.xcassets in Resources */ = {isa = PBXBuildFile; fileRef = 801099A91B085E2A009FA4C4 /* Images.xcassets */; };
		801099AD1B085E2A009FA4C4 /* LaunchScreen.xib in Resources */ = {isa = PBXBuildFile; fileRef = 801099AB1B085E2A009FA4C4 /* LaunchScreen.xib */; };
		801099B91B085E2A009FA4C4 /* L02Tests.m in Sources */ = {isa = PBXBuildFile; fileRef = 801099B81B085E2A009FA4C4 /* L02Tests.m */; };
/* End PBXBuildFile section */

/* Begin PBXContainerItemProxy section */
		801099B31B085E2A009FA4C4 /* PBXContainerItemProxy */ = {
			isa = PBXContainerItemProxy;
			containerPortal = 801099911B085E2A009FA4C4 /* Project object */;
			proxyType = 1;
			remoteGlobalIDString = 801099981B085E2A009FA4C4;
			remoteInfo = L02;
		};
/* End PBXContainerItemProxy section */

/* Begin PBXFileReference section */
		801099991B085E2A009FA4C4 /* L02.app */ = {isa = PBXFileReference; explicitFileType = wrapper.application; includeInIndex = 0; path = L02.app; sourceTree = BUILT_PRODUCTS_DIR; };
		8010999D1B085E2A009FA4C4 /* Info.plist */ = {isa = PBXFileReference; lastKnownFileType = text.plist.xml; path = Info.plist; sourceTree = "<group>"; };
		8010999E1B085E2A009FA4C4 /* main.m */ = {isa = PBXFileReference; lastKnownFileType = sourcecode.c.objc; path = main.m; sourceTree = "<group>"; };
		801099A01B085E2A009FA4C4 /* AppDelegate.h */ = {isa = PBXFileReference; lastKnownFileType = sourcecode.c.h; path = AppDelegate.h; sourceTree = "<group>"; };
		801099A11B085E2A009FA4C4 /* AppDelegate.m */ = {isa = PBXFileReference; lastKnownFileType = sourcecode.c.objc; path = AppDelegate.m; sourceTree = "<group>"; };
		801099A31B085E2A009FA4C4 /* ViewController.h */ = {isa = PBXFileReference; lastKnownFileType = sourcecode.c.h; path = ViewController.h; sourceTree = "<group>"; };
		801099A41B085E2A009FA4C4 /* ViewController.m */ = {isa = PBXFileReference; lastKnownFileType = sourcecode.c.objc; path = ViewController.m; sourceTree = "<group>"; };
		801099A71B085E2A009FA4C4 /* Base */ = {isa = PBXFileReference; lastKnownFileType = file.storyboard; name = Base; path = Base.lproj/Main.storyboard; sourceTree = "<group>"; };
		801099A91B085E2A009FA4C4 /* Images.xcassets */ = {isa = PBXFileReference; lastKnownFileType = folder.assetcatalog; path = Images.xcassets; sourceTree = "<group>"; };
		801099AC1B085E2A009FA4C4 /* Base */ = {isa = PBXFileReference; lastKnownFileType = file.xib; name = Base; path = Base.lproj/LaunchScreen.xib; sourceTree = "<group>"; };
		801099B21B085E2A009FA4C4 /* L02Tests.xctest */ = {isa = PBXFileReference; explicitFileType = wrapper.cfbundle; includeInIndex = 0; path = L02Tests.xctest; sourceTree = BUILT_PRODUCTS_DIR; };
		801099B71B085E2A009FA4C4 /* Info.plist */ = {isa = PBXFileReference; lastKnownFileType = text.plist.xml; path = Info.plist; sourceTree = "<group>"; };
		801099B81B085E2A009FA4C4 /* L02Tests.m */ = {isa = PBXFileReference; lastKnownFileType = sourcecode.c.objc; path = L02Tests.m; sourceTree = "<group>"; };
/* End PBXFileReference section */

/* Begin PBXFrameworksBuildPhase section */
		801099961B085E2A009FA4C4 /* Frameworks */ = {
			isa = PBXFrameworksBuildPhase;
			buildActionMask = 2147483647;
			files = (
			);
			runOnlyForDeploymentPostprocessing = 0;
		};
		801099AF1B085E2A009FA4C4 /* Frameworks */ = {
			isa = PBXFrameworksBuildPhase;
			buildActionMask = 2147483647;
			files = (
			);
			runOnlyForDeploymentPostprocessing = 0;
		};
/* End PBXFrameworksBuildPhase section */

/* Begin PBXGroup section */
		801099901B085E2A009FA4C4 = {
			isa = PBXGroup;
			children = (
				8010999B1B085E2A009FA4C4 /* L02 */,
				801099B51B085E2A009FA4C4 /* L02Tests */,
				8010999A1B085E2A009FA4C4 /* Products */,
			);
			sourceTree = "<group>";
		};
		8010999A1B085E2A009FA4C4 /* Products */ = {
			isa = PBXGroup;
			children = (
				801099991B085E2A009FA4C4 /* L02.app */,
				801099B21B085E2A009FA4C4 /* L02Tests.xctest */,
			);
			name = Products;
			sourceTree = "<group>";
		};
		8010999B1B085E2A009FA4C4 /* L02 */ = {
			isa = PBXGroup;
			children = (
				801099A01B085E2A009FA4C4 /* AppDelegate.h */,
				801099A11B085E2A009FA4C4 /* AppDelegate.m */,
				801099A31B085E2A009FA4C4 /* ViewController.h */,
				801099A41B085E2A009FA4C4 /* ViewController.m */,
				801099A61B085E2A009FA4C4 /* Main.storyboard */,
				801099A91B085E2A009FA4C4 /* Images.xcassets */,
				801099AB1B085E2A009FA4C4 /* LaunchScreen.xib */,
				8010999C1B085E2A009FA4C4 /* Supporting Files */,
			);
			path = L02;
			sourceTree = "<group>";
		};
		8010999C1B085E2A009FA4C4 /* Supporting Files */ = {
			isa = PBXGroup;
			children = (
				8010999D1B085E2A009FA4C4 /* Info.plist */,
				8010999E1B085E2A009FA4C4 /* main.m */,
			);
			name = "Supporting Files";
			sourceTree = "<group>";
		};
		801099B51B085E2A009FA4C4 /* L02Tests */ = {
			isa = PBXGroup;
			children = (
				801099B81B085E2A009FA4C4 /* L02Tests.m */,
				801099B61B085E2A009FA4C4 /* Supporting Files */,
			);
			path = L02Tests;
			sourceTree = "<group>";
		};
		801099B61B085E2A009FA4C4 /* Supporting Files */ = {
			isa = PBXGroup;
			children = (
				801099B71B085E2A009FA4C4 /* Info.plist */,
			);
			name = "Supporting Files";
			sourceTree = "<group>";
		};
/* End PBXGroup section */

/* Begin PBXNativeTarget section */
		801099981B085E2A009FA4C4 /* L02 */ = {
			isa = PBXNativeTarget;
			buildConfigurationList = 801099BC1B085E2A009FA4C4 /* Build configuration list for PBXNativeTarget "L02" */;
			buildPhases = (
				801099951B085E2A009FA4C4 /* Sources */,
				801099961B085E2A009FA4C4 /* Frameworks */,
				801099971B085E2A009FA4C4 /* Resources */,
			);
			buildRules = (
			);
			dependencies = (
			);
			name = L02;
			productName = L02;
			productReference = 801099991B085E2A009FA4C4 /* L02.app */;
			productType = "com.apple.product-type.application";
		};
		801099B11B085E2A009FA4C4 /* L02Tests */ = {
			isa = PBXNativeTarget;
			buildConfigurationList = 801099BF1B085E2A009FA4C4 /* Build configuration list for PBXNativeTarget "L02Tests" */;
			buildPhases = (
				801099AE1B085E2A009FA4C4 /* Sources */,
				801099AF1B085E2A009FA4C4 /* Frameworks */,
				801099B01B085E2A009FA4C4 /* Resources */,
			);
			buildRules = (
			);
			dependencies = (
				801099B41B085E2A009FA4C4 /* PBXTargetDependency */,
			);
			name = L02Tests;
			productName = L02Tests;
			productReference = 801099B21B085E2A009FA4C4 /* L02Tests.xctest */;
			productType = "com.apple.product-type.bundle.unit-test";
		};
/* End PBXNativeTarget section */

/* Begin PBXProject section */
		801099911B085E2A009FA4C4 /* Project object */ = {
			isa = PBXProject;
			attributes = {
				LastUpgradeCheck = 0630;
				ORGANIZATIONNAME = "Jianlei Hou";
				TargetAttributes = {
					801099981B085E2A009FA4C4 = {
						CreatedOnToolsVersion = 6.3.1;
					};
					801099B11B085E2A009FA4C4 = {
						CreatedOnToolsVersion = 6.3.1;
						TestTargetID = 801099981B085E2A009FA4C4;
					};
				};
			};
			buildConfigurationList = 801099941B085E2A009FA4C4 /* Build configuration list for PBXProject "L02" */;
			compatibilityVersion = "Xcode 3.2";
			developmentRegion = English;
			hasScannedForEncodings = 0;
			knownRegions = (
				en,
				Base,
			);
			mainGroup = 801099901B085E2A009FA4C4;
			productRefGroup = 8010999A1B085E2A009FA4C4 /* Products */;
			projectDirPath = "";
			projectRoot = "";
			targets = (
				801099981B085E2A009FA4C4 /* L02 */,
				801099B11B085E2A009FA4C4 /* L02Tests */,
			);
		};
/* End PBXProject section */

/* Begin PBXResourcesBuildPhase section */
		801099971B085E2A009FA4C4 /* Resources */ = {
			isa = PBXResourcesBuildPhase;
			buildActionMask = 2147483647;
			files = (
				801099A81B085E2A009FA4C4 /* Main.storyboard in Resources */,
				801099AD1B085E2A009FA4C4 /* LaunchScreen.xib in Resources */,
				801099AA1B085E2A009FA4C4 /* Images.xcassets in Resources */,
			);
			runOnlyForDeploymentPostprocessing = 0;
		};
		801099B01B085E2A009FA4C4 /* Resources */ = {
			isa = PBXResourcesBuildPhase;
			buildActionMask = 2147483647;
			files = (
			);
			runOnlyForDeploymentPostprocessing = 0;
		};
/* End PBXResourcesBuildPhase section */

/* Begin PBXSourcesBuildPhase section */
		801099951B085E2A009FA4C4 /* Sources */ = {
			isa = PBXSourcesBuildPhase;
			buildActionMask = 2147483647;
			files = (
				801099A51B085E2A009FA4C4 /* ViewController.m in Sources */,
				801099A21B085E2A009FA4C4 /* AppDelegate.m in Sources */,
				8010999F1B085E2A009FA4C4 /* main.m in Sources */,
			);
			runOnlyForDeploymentPostprocessing = 0;
		};
		801099AE1B085E2A009FA4C4 /* Sources */ = {
			isa = PBXSourcesBuildPhase;
			buildActionMask = 2147483647;
			files = (
				801099B91B085E2A009FA4C4 /* L02Tests.m in Sources */,
			);
			runOnlyForDeploymentPostprocessing = 0;
		};
/* End PBXSourcesBuildPhase section */

/* Begin PBXTargetDependency section */
		801099B41B085E2A009FA4C4 /* PBXTargetDependency */ = {
			isa = PBXTargetDependency;
			target = 801099981B085E2A009FA4C4 /* L02 */;
			targetProxy = 801099B31B085E2A009FA4C4 /* PBXContainerItemProxy */;
		};
/* End PBXTargetDependency section */

/* Begin PBXVariantGroup section */
		801099A61B085E2A009FA4C4 /* Main.storyboard */ = {
			isa = PBXVariantGroup;
			children = (
				801099A71B085E2A009FA4C4 /* Base */,
			);
			name = Main.storyboard;
			sourceTree = "<group>";
		};
		801099AB1B085E2A009FA4C4 /* LaunchScreen.xib */ = {
			isa = PBXVariantGroup;
			children = (
				801099AC1B085E2A009FA4C4 /* Base */,
			);
			name = LaunchScreen.xib;
			sourceTree = "<group>";
		};
/* End PBXVariantGroup section */

/* Begin XCBuildConfiguration section */
		801099BA1B085E2A009FA4C4 /* Debug */ = {
			isa = XCBuildConfiguration;
			buildSettings = {
				ALWAYS_SEARCH_USER_PATHS = NO;
				CLANG_CXX_LANGUAGE_STANDARD = "gnu++0x";
				CLANG_CXX_LIBRARY = "libc++";
				CLANG_ENABLE_MODULES = YES;
				CLANG_ENABLE_OBJC_ARC = YES;
				CLANG_WARN_BOOL_CONVERSION = YES;
				CLANG_WARN_CONSTANT_CONVERSION = YES;
				CLANG_WARN_DIRECT_OBJC_ISA_USAGE = YES_ERROR;
				CLANG_WARN_EMPTY_BODY = YES;
				CLANG_WARN_ENUM_CONVERSION = YES;
				CLANG_WARN_INT_CONVERSION = YES;
				CLANG_WARN_OBJC_ROOT_CLASS = YES_ERROR;
				CLANG_WARN_UNREACHABLE_CODE = YES;
				CLANG_WARN__DUPLICATE_METHOD_MATCH = YES;
				"CODE_SIGN_IDENTITY[sdk=iphoneos*]" = "iPhone Developer";
				COPY_PHASE_STRIP = NO;
				DEBUG_INFORMATION_FORMAT = "dwarf-with-dsym";
				ENABLE_STRICT_OBJC_MSGSEND = YES;
				GCC_C_LANGUAGE_STANDARD = gnu99;
				GCC_DYNAMIC_NO_PIC = NO;
				GCC_NO_COMMON_BLOCKS = YES;
				GCC_OPTIMIZATION_LEVEL = 0;
				GCC_PREPROCESSOR_DEFINITIONS = (
					"DEBUG=1",
					"$(inherited)",
				);
				GCC_SYMBOLS_PRIVATE_EXTERN = NO;
				GCC_WARN_64_TO_32_BIT_CONVERSION = YES;
				GCC_WARN_ABOUT_RETURN_TYPE = YES_ERROR;
				GCC_WARN_UNDECLARED_SELECTOR = YES;
				GCC_WARN_UNINITIALIZED_AUTOS = YES_AGGRESSIVE;
				GCC_WARN_UNUSED_FUNCTION = YES;
				GCC_WARN_UNUSED_VARIABLE = YES;
				IPHONEOS_DEPLOYMENT_TARGET = 8.3;
				MTL_ENABLE_DEBUG_INFO = YES;
				ONLY_ACTIVE_ARCH = YES;
				SDKROOT = iphoneos;
			};
			name = Debug;
		};
		801099BB1B085E2A009FA4C4 /* Release */ = {
			isa = XCBuildConfiguration;
			buildSettings = {
				ALWAYS_SEARCH_USER_PATHS = NO;
				CLANG_CXX_LANGUAGE_STANDARD = "gnu++0x";
				CLANG_CXX_LIBRARY = "libc++";
				CLANG_ENABLE_MODULES = YES;
				CLANG_ENABLE_OBJC_ARC = YES;
				CLANG_WARN_BOOL_CONVERSION = YES;
				CLANG_WARN_CONSTANT_CONVERSION = YES;
				CLANG_WARN_DIRECT_OBJC_ISA_USAGE = YES_ERROR;
				CLANG_WARN_EMPTY_BODY = YES;
				CLANG_WARN_ENUM_CONVERSION = YES;
				CLANG_WARN_INT_CONVERSION = YES;
				CLANG_WARN_OBJC_ROOT_CLASS = YES_ERROR;
				CLANG_WARN_UNREACHABLE_CODE = YES;
				CLANG_WARN__DUPLICATE_METHOD_MATCH = YES;
				"CODE_SIGN_IDENTITY[sdk=iphoneos*]" = "iPhone Developer";
				COPY_PHASE_STRIP = NO;
				DEBUG_INFORMATION_FORMAT = "dwarf-with-dsym";
				ENABLE_NS_ASSERTIONS = NO;
				ENABLE_STRICT_OBJC_MSGSEND = YES;
				GCC_C_LANGUAGE_STANDARD = gnu99;
				GCC_NO_COMMON_BLOCKS = YES;
				GCC_WARN_64_TO_32_BIT_CONVERSION = YES;
				GCC_WARN_ABOUT_RETURN_TYPE = YES_ERROR;
				GCC_WARN_UNDECLARED_SELECTOR = YES;
				GCC_WARN_UNINITIALIZED_AUTOS = YES_AGGRESSIVE;
				GCC_WARN_UNUSED_FUNCTION = YES;
				GCC_WARN_UNUSED_VARIABLE = YES;
				IPHONEOS_DEPLOYMENT_TARGET = 8.3;
				MTL_ENABLE_DEBUG_INFO = NO;
				SDKROOT = iphoneos;
				VALIDATE_PRODUCT = YES;
			};
			name = Release;
		};
		801099BD1B085E2A009FA4C4 /* Debug */ = {
			isa = XCBuildConfiguration;
			buildSettings = {
				ASSETCATALOG_COMPILER_APPICON_NAME = AppIcon;
				CODE_SIGN_IDENTITY = "iPhone Developer";
				INFOPLIST_FILE = L02/Info.plist;
				LD_RUNPATH_SEARCH_PATHS = "$(inherited) @executable_path/Frameworks";
				PRODUCT_NAME = "$(TARGET_NAME)";
			};
			name = Debug;
		};
		801099BE1B085E2A009FA4C4 /* Release */ = {
			isa = XCBuildConfiguration;
			buildSettings = {
				ASSETCATALOG_COMPILER_APPICON_NAME = AppIcon;
				CODE_SIGN_IDENTITY = "iPhone Developer";
				INFOPLIST_FILE = L02/Info.plist;
				LD_RUNPATH_SEARCH_PATHS = "$(inherited) @executable_path/Frameworks";
				PRODUCT_NAME = "$(TARGET_NAME)";
			};
			name = Release;
		};
		801099C01B085E2A009FA4C4 /* Debug */ = {
			isa = XCBuildConfiguration;
			buildSettings = {
				BUNDLE_LOADER = "$(TEST_HOST)";
				FRAMEWORK_SEARCH_PATHS = (
					"$(SDKROOT)/Developer/Library/Frameworks",
					"$(inherited)",
				);
				GCC_PREPROCESSOR_DEFINITIONS = (
					"DEBUG=1",
					"$(inherited)",
				);
				INFOPLIST_FILE = L02Tests/Info.plist;
				LD_RUNPATH_SEARCH_PATHS = "$(inherited) @executable_path/Frameworks @loader_path/Frameworks";
				PRODUCT_NAME = "$(TARGET_NAME)";
				TEST_HOST = "$(BUILT_PRODUCTS_DIR)/L02.app/L02";
			};
			name = Debug;
		};
		801099C11B085E2A009FA4C4 /* Release */ = {
			isa = XCBuildConfiguration;
			buildSettings = {
				BUNDLE_LOADER = "$(TEST_HOST)";
				FRAMEWORK_SEARCH_PATHS = (
					"$(SDKROOT)/Developer/Library/Frameworks",
					"$(inherited)",
				);
				INFOPLIST_FILE = L02Tests/Info.plist;
				LD_RUNPATH_SEARCH_PATHS = "$(inherited) @executable_path/Frameworks @loader_path/Frameworks";
				PRODUCT_NAME = "$(TARGET_NAME)";
				TEST_HOST = "$(BUILT_PRODUCTS_DIR)/L02.app/L02";
			};
			name = Release;
		};
/* End XCBuildConfiguration section */

/* Begin XCConfigurationList section */
		801099941B085E2A009FA4C4 /* Build configuration list for PBXProject "L02" */ = {
			isa = XCConfigurationList;
			buildConfigurations = (
				801099BA1B085E2A009FA4C4 /* Debug */,
				801099BB1B085E2A009FA4C4 /* Release */,
			);
			defaultConfigurationIsVisible = 0;
			defaultConfigurationName = Release;
		};
		801099BC1B085E2A009FA4C4 /* Build configuration list for PBXNativeTarget "L02" */ = {
			isa = XCConfigurationList;
			buildConfigurations = (
				801099BD1B085E2A009FA4C4 /* Debug */,
				801099BE1B085E2A009FA4C4 /* Release */,
			);
			defaultConfigurationIsVisible = 0;
			defaultConfigurationName = Release;
		};
		801099BF1B085E2A009FA4C4 /* Build configuration list for PBXNativeTarget "L02Tests" */ = {
			isa = XCConfigurationList;
			buildConfigurations = (
				801099C01B085E2A009FA4C4 /* Debug */,
				801099C11B085E2A009FA4C4 /* Release */,
			);
			defaultConfigurationIsVisible = 0;
			defaultConfigurationName = Release;
		};
/* End XCConfigurationList section */
	};
	rootObject = 801099911B085E2A009FA4C4 /* Project object */;
}
